// !$*UTF8*$!
{
	archiveVersion = 1;
	classes = {
	};
	objectVersion = 52;
	objects = {

/* Begin PBXBuildFile section */
		3064751726018F080087C52D /* PersonSearchApp.swift in Sources */ = {isa = PBXBuildFile; fileRef = 3064751626018F080087C52D /* PersonSearchApp.swift */; };
		3064751926018F080087C52D /* ContentView.swift in Sources */ = {isa = PBXBuildFile; fileRef = 3064751826018F080087C52D /* ContentView.swift */; };
		3064751B26018F0B0087C52D /* Assets.xcassets in Resources */ = {isa = PBXBuildFile; fileRef = 3064751A26018F0B0087C52D /* Assets.xcassets */; };
		3064751E26018F0B0087C52D /* Preview Assets.xcassets in Resources */ = {isa = PBXBuildFile; fileRef = 3064751D26018F0B0087C52D /* Preview Assets.xcassets */; };
		3064752726018F230087C52D /* Data.swift in Sources */ = {isa = PBXBuildFile; fileRef = 3064752626018F230087C52D /* Data.swift */; };
		3064752B2601901E0087C52D /* KingfisherSwiftUI in Frameworks */ = {isa = PBXBuildFile; productRef = 3064752A2601901E0087C52D /* KingfisherSwiftUI */; };
		30647533260198010087C52D /* UserCell.swift in Sources */ = {isa = PBXBuildFile; fileRef = 30647532260198010087C52D /* UserCell.swift */; };
		306475362601997F0087C52D /* UserDetail.swift in Sources */ = {isa = PBXBuildFile; fileRef = 306475352601997F0087C52D /* UserDetail.swift */; };
		3064753D2601C46D0087C52D /* SearchingBar.swift in Sources */ = {isa = PBXBuildFile; fileRef = 3064753C2601C46D0087C52D /* SearchingBar.swift */; };
/* End PBXBuildFile section */

/* Begin PBXFileReference section */
		3064751326018F080087C52D /* PersonSearch.app */ = {isa = PBXFileReference; explicitFileType = wrapper.application; includeInIndex = 0; path = PersonSearch.app; sourceTree = BUILT_PRODUCTS_DIR; };
		3064751626018F080087C52D /* PersonSearchApp.swift */ = {isa = PBXFileReference; lastKnownFileType = sourcecode.swift; path = PersonSearchApp.swift; sourceTree = "<group>"; };
		3064751826018F080087C52D /* ContentView.swift */ = {isa = PBXFileReference; lastKnownFileType = sourcecode.swift; path = ContentView.swift; sourceTree = "<group>"; };
		3064751A26018F0B0087C52D /* Assets.xcassets */ = {isa = PBXFileReference; lastKnownFileType = folder.assetcatalog; path = Assets.xcassets; sourceTree = "<group>"; };
		3064751D26018F0B0087C52D /* Preview Assets.xcassets */ = {isa = PBXFileReference; lastKnownFileType = folder.assetcatalog; path = "Preview Assets.xcassets"; sourceTree = "<group>"; };
		3064751F26018F0B0087C52D /* Info.plist */ = {isa = PBXFileReference; lastKnownFileType = text.plist.xml; path = Info.plist; sourceTree = "<group>"; };
		3064752626018F230087C52D /* Data.swift */ = {isa = PBXFileReference; lastKnownFileType = sourcecode.swift; path = Data.swift; sourceTree = "<group>"; };
		30647532260198010087C52D /* UserCell.swift */ = {isa = PBXFileReference; lastKnownFileType = sourcecode.swift; path = UserCell.swift; sourceTree = "<group>"; };
		306475352601997F0087C52D /* UserDetail.swift */ = {isa = PBXFileReference; lastKnownFileType = sourcecode.swift; path = UserDetail.swift; sourceTree = "<group>"; };
		3064753C2601C46D0087C52D /* SearchingBar.swift */ = {isa = PBXFileReference; lastKnownFileType = sourcecode.swift; path = SearchingBar.swift; sourceTree = "<group>"; };
/* End PBXFileReference section */

/* Begin PBXFrameworksBuildPhase section */
		3064751026018F080087C52D /* Frameworks */ = {
			isa = PBXFrameworksBuildPhase;
			buildActionMask = 2147483647;
			files = (
				3064752B2601901E0087C52D /* KingfisherSwiftUI in Frameworks */,
			);
			runOnlyForDeploymentPostprocessing = 0;
		};
/* End PBXFrameworksBuildPhase section */

/* Begin PBXGroup section */
		3064750A26018F080087C52D = {
			isa = PBXGroup;
			children = (
				3064751526018F080087C52D /* PersonSearch */,
				3064751426018F080087C52D /* Products */,
			);
			sourceTree = "<group>";
		};
		3064751426018F080087C52D /* Products */ = {
			isa = PBXGroup;
			children = (
				3064751326018F080087C52D /* PersonSearch.app */,
			);
			name = Products;
			sourceTree = "<group>";
		};
		3064751526018F080087C52D /* PersonSearch */ = {
			isa = PBXGroup;
			children = (
				3064751626018F080087C52D /* PersonSearchApp.swift */,
				3064753F2601CEA70087C52D /* Views */,
				3064751A26018F0B0087C52D /* Assets.xcassets */,
				3064751F26018F0B0087C52D /* Info.plist */,
				3064751C26018F0B0087C52D /* Preview Content */,
				306475482601CF440087C52D /* Model */,
			);
			path = PersonSearch;
			sourceTree = "<group>";
		};
		3064751C26018F0B0087C52D /* Preview Content */ = {
			isa = PBXGroup;
			children = (
				3064751D26018F0B0087C52D /* Preview Assets.xcassets */,
			);
			path = "Preview Content";
			sourceTree = "<group>";
		};
		3064753F2601CEA70087C52D /* Views */ = {
			isa = PBXGroup;
			children = (
				306475442601CF1F0087C52D /* Helpers */,
				306475412601CF070087C52D /* User */,
				3064751826018F080087C52D /* ContentView.swift */,
			);
			path = Views;
			sourceTree = "<group>";
		};
		306475412601CF070087C52D /* User */ = {
			isa = PBXGroup;
			children = (
				306475352601997F0087C52D /* UserDetail.swift */,
				30647532260198010087C52D /* UserCell.swift */,
			);
			path = User;
			sourceTree = "<group>";
		};
		306475442601CF1F0087C52D /* Helpers */ = {
			isa = PBXGroup;
			children = (
				3064753C2601C46D0087C52D /* SearchingBar.swift */,
			);
			path = Helpers;
			sourceTree = "<group>";
		};
		306475482601CF440087C52D /* Model */ = {
			isa = PBXGroup;
			children = (
				3064752626018F230087C52D /* Data.swift */,
			);
			path = Model;
			sourceTree = "<group>";
		};
/* End PBXGroup section */

/* Begin PBXNativeTarget section */
		3064751226018F080087C52D /* PersonSearch */ = {
			isa = PBXNativeTarget;
			buildConfigurationList = 3064752226018F0B0087C52D /* Build configuration list for PBXNativeTarget "PersonSearch" */;
			buildPhases = (
				3064750F26018F080087C52D /* Sources */,
				3064751026018F080087C52D /* Frameworks */,
				3064751126018F080087C52D /* Resources */,
			);
			buildRules = (
			);
			dependencies = (
			);
			name = PersonSearch;
			packageProductDependencies = (
				3064752A2601901E0087C52D /* KingfisherSwiftUI */,
			);
			productName = PersonSearch;
			productReference = 3064751326018F080087C52D /* PersonSearch.app */;
			productType = "com.apple.product-type.application";
		};
/* End PBXNativeTarget section */

/* Begin PBXProject section */
		3064750B26018F080087C52D /* Project object */ = {
			isa = PBXProject;
			attributes = {
				LastSwiftUpdateCheck = 1220;
				LastUpgradeCheck = 1220;
				TargetAttributes = {
					3064751226018F080087C52D = {
						CreatedOnToolsVersion = 12.2;
					};
				};
			};
			buildConfigurationList = 3064750E26018F080087C52D /* Build configuration list for PBXProject "PersonSearch" */;
			compatibilityVersion = "Xcode 9.3";
			developmentRegion = en;
			hasScannedForEncodings = 0;
			knownRegions = (
				en,
				Base,
			);
			mainGroup = 3064750A26018F080087C52D;
			packageReferences = (
				306475292601901E0087C52D /* XCRemoteSwiftPackageReference "Kingfisher" */,
			);
			productRefGroup = 3064751426018F080087C52D /* Products */;
			projectDirPath = "";
			projectRoot = "";
			targets = (
				3064751226018F080087C52D /* PersonSearch */,
			);
		};
/* End PBXProject section */

/* Begin PBXResourcesBuildPhase section */
		3064751126018F080087C52D /* Resources */ = {
			isa = PBXResourcesBuildPhase;
			buildActionMask = 2147483647;
			files = (
				3064751E26018F0B0087C52D /* Preview Assets.xcassets in Resources */,
				3064751B26018F0B0087C52D /* Assets.xcassets in Resources */,
			);
			runOnlyForDeploymentPostprocessing = 0;
		};
/* End PBXResourcesBuildPhase section */

/* Begin PBXSourcesBuildPhase section */
		3064750F26018F080087C52D /* Sources */ = {
			isa = PBXSourcesBuildPhase;
			buildActionMask = 2147483647;
			files = (
				30647533260198010087C52D /* UserCell.swift in Sources */,
				3064751926018F080087C52D /* ContentView.swift in Sources */,
				3064753D2601C46D0087C52D /* SearchingBar.swift in Sources */,
				3064752726018F230087C52D /* Data.swift in Sources */,
				306475362601997F0087C52D /* UserDetail.swift in Sources */,
				3064751726018F080087C52D /* PersonSearchApp.swift in Sources */,
			);
			runOnlyForDeploymentPostprocessing = 0;
		};
/* End PBXSourcesBuildPhase section */

/* Begin XCBuildConfiguration section */
		3064752026018F0B0087C52D /* Debug */ = {
			isa = XCBuildConfiguration;
			buildSettings = {
				ALWAYS_SEARCH_USER_PATHS = NO;
				CLANG_ANALYZER_NONNULL = YES;
				CLANG_ANALYZER_NUMBER_OBJECT_CONVERSION = YES_AGGRESSIVE;
				CLANG_CXX_LANGUAGE_STANDARD = "gnu++14";
				CLANG_CXX_LIBRARY = "libc++";
				CLANG_ENABLE_MODULES = YES;
				CLANG_ENABLE_OBJC_ARC = YES;
				CLANG_ENABLE_OBJC_WEAK = YES;
				CLANG_WARN_BLOCK_CAPTURE_AUTORELEASING = YES;
				CLANG_WARN_BOOL_CONVERSION = YES;
				CLANG_WARN_COMMA = YES;
				CLANG_WARN_CONSTANT_CONVERSION = YES;
				CLANG_WARN_DEPRECATED_OBJC_IMPLEMENTATIONS = YES;
				CLANG_WARN_DIRECT_OBJC_ISA_USAGE = YES_ERROR;
				CLANG_WARN_DOCUMENTATION_COMMENTS = YES;
				CLANG_WARN_EMPTY_BODY = YES;
				CLANG_WARN_ENUM_CONVERSION = YES;
				CLANG_WARN_INFINITE_RECURSION = YES;
				CLANG_WARN_INT_CONVERSION = YES;
				CLANG_WARN_NON_LITERAL_NULL_CONVERSION = YES;
				CLANG_WARN_OBJC_IMPLICIT_RETAIN_SELF = YES;
				CLANG_WARN_OBJC_LITERAL_CONVERSION = YES;
				CLANG_WARN_OBJC_ROOT_CLASS = YES_ERROR;
				CLANG_WARN_QUOTED_INCLUDE_IN_FRAMEWORK_HEADER = YES;
				CLANG_WARN_RANGE_LOOP_ANALYSIS = YES;
				CLANG_WARN_STRICT_PROTOTYPES = YES;
				CLANG_WARN_SUSPICIOUS_MOVE = YES;
				CLANG_WARN_UNGUARDED_AVAILABILITY = YES_AGGRESSIVE;
				CLANG_WARN_UNREACHABLE_CODE = YES;
				CLANG_WARN__DUPLICATE_METHOD_MATCH = YES;
				COPY_PHASE_STRIP = NO;
				DEBUG_INFORMATION_FORMAT = dwarf;
				ENABLE_STRICT_OBJC_MSGSEND = YES;
				ENABLE_TESTABILITY = YES;
				GCC_C_LANGUAGE_STANDARD = gnu11;
				GCC_DYNAMIC_NO_PIC = NO;
				GCC_NO_COMMON_BLOCKS = YES;
				GCC_OPTIMIZATION_LEVEL = 0;
				GCC_PREPROCESSOR_DEFINITIONS = (
					"DEBUG=1",
					"$(inherited)",
				);
				GCC_WARN_64_TO_32_BIT_CONVERSION = YES;
				GCC_WARN_ABOUT_RETURN_TYPE = YES_ERROR;
				GCC_WARN_UNDECLARED_SELECTOR = YES;
				GCC_WARN_UNINITIALIZED_AUTOS = YES_AGGRESSIVE;
				GCC_WARN_UNUSED_FUNCTION = YES;
				GCC_WARN_UNUSED_VARIABLE = YES;
				IPHONEOS_DEPLOYMENT_TARGET = 14.2;
				MTL_ENABLE_DEBUG_INFO = INCLUDE_SOURCE;
				MTL_FAST_MATH = YES;
				ONLY_ACTIVE_ARCH = YES;
				SDKROOT = iphoneos;
				SWIFT_ACTIVE_COMPILATION_CONDITIONS = DEBUG;
				SWIFT_OPTIMIZATION_LEVEL = "-Onone";
			};
			name = Debug;
		};
		3064752126018F0B0087C52D /* Release */ = {
			isa = XCBuildConfiguration;
			buildSettings = {
				ALWAYS_SEARCH_USER_PATHS = NO;
				CLANG_ANALYZER_NONNULL = YES;
				CLANG_ANALYZER_NUMBER_OBJECT_CONVERSION = YES_AGGRESSIVE;
				CLANG_CXX_LANGUAGE_STANDARD = "gnu++14";
				CLANG_CXX_LIBRARY = "libc++";
				CLANG_ENABLE_MODULES = YES;
				CLANG_ENABLE_OBJC_ARC = YES;
				CLANG_ENABLE_OBJC_WEAK = YES;
				CLANG_WARN_BLOCK_CAPTURE_AUTORELEASING = YES;
				CLANG_WARN_BOOL_CONVERSION = YES;
				CLANG_WARN_COMMA = YES;
				CLANG_WARN_CONSTANT_CONVERSION = YES;
				CLANG_WARN_DEPRECATED_OBJC_IMPLEMENTATIONS = YES;
				CLANG_WARN_DIRECT_OBJC_ISA_USAGE = YES_ERROR;
				CLANG_WARN_DOCUMENTATION_COMMENTS = YES;
				CLANG_WARN_EMPTY_BODY = YES;
				CLANG_WARN_ENUM_CONVERSION = YES;
				CLANG_WARN_INFINITE_RECURSION = YES;
				CLANG_WARN_INT_CONVERSION = YES;
				CLANG_WARN_NON_LITERAL_NULL_CONVERSION = YES;
				CLANG_WARN_OBJC_IMPLICIT_RETAIN_SELF = YES;
				CLANG_WARN_OBJC_LITERAL_CONVERSION = YES;
				CLANG_WARN_OBJC_ROOT_CLASS = YES_ERROR;
				CLANG_WARN_QUOTED_INCLUDE_IN_FRAMEWORK_HEADER = YES;
				CLANG_WARN_RANGE_LOOP_ANALYSIS = YES;
				CLANG_WARN_STRICT_PROTOTYPES = YES;
				CLANG_WARN_SUSPICIOUS_MOVE = YES;
				CLANG_WARN_UNGUARDED_AVAILABILITY = YES_AGGRESSIVE;
				CLANG_WARN_UNREACHABLE_CODE = YES;
				CLANG_WARN__DUPLICATE_METHOD_MATCH = YES;
				COPY_PHASE_STRIP = NO;
				DEBUG_INFORMATION_FORMAT = "dwarf-with-dsym";
				ENABLE_NS_ASSERTIONS = NO;
				ENABLE_STRICT_OBJC_MSGSEND = YES;
				GCC_C_LANGUAGE_STANDARD = gnu11;
				GCC_NO_COMMON_BLOCKS = YES;
				GCC_WARN_64_TO_32_BIT_CONVERSION = YES;
				GCC_WARN_ABOUT_RETURN_TYPE = YES_ERROR;
				GCC_WARN_UNDECLARED_SELECTOR = YES;
				GCC_WARN_UNINITIALIZED_AUTOS = YES_AGGRESSIVE;
				GCC_WARN_UNUSED_FUNCTION = YES;
				GCC_WARN_UNUSED_VARIABLE = YES;
				IPHONEOS_DEPLOYMENT_TARGET = 14.2;
				MTL_ENABLE_DEBUG_INFO = NO;
				MTL_FAST_MATH = YES;
				SDKROOT = iphoneos;
				SWIFT_COMPILATION_MODE = wholemodule;
				SWIFT_OPTIMIZATION_LEVEL = "-O";
				VALIDATE_PRODUCT = YES;
			};
			name = Release;
		};
		3064752326018F0B0087C52D /* Debug */ = {
			isa = XCBuildConfiguration;
			buildSettings = {
				ASSETCATALOG_COMPILER_APPICON_NAME = AppIcon;
				ASSETCATALOG_COMPILER_GLOBAL_ACCENT_COLOR_NAME = AccentColor;
				CODE_SIGN_STYLE = Automatic;
				DEVELOPMENT_ASSET_PATHS = "\"PersonSearch/Preview Content\"";
				ENABLE_PREVIEWS = YES;
				INFOPLIST_FILE = PersonSearch/Info.plist;
				IPHONEOS_DEPLOYMENT_TARGET = 14.0;
				LD_RUNPATH_SEARCH_PATHS = (
					"$(inherited)",
					"@executable_path/Frameworks",
				);
				PRODUCT_BUNDLE_IDENTIFIER = com.yourcompany.PersonSearch;
				PRODUCT_NAME = "$(TARGET_NAME)";
				SWIFT_VERSION = 5.0;
				TARGETED_DEVICE_FAMILY = "1,2";
			};
			name = Debug;
		};
		3064752426018F0B0087C52D /* Release */ = {
			isa = XCBuildConfiguration;
			buildSettings = {
				ASSETCATALOG_COMPILER_APPICON_NAME = AppIcon;
				ASSETCATALOG_COMPILER_GLOBAL_ACCENT_COLOR_NAME = AccentColor;
				CODE_SIGN_STYLE = Automatic;
				DEVELOPMENT_ASSET_PATHS = "\"PersonSearch/Preview Content\"";
				ENABLE_PREVIEWS = YES;
				INFOPLIST_FILE = PersonSearch/Info.plist;
				IPHONEOS_DEPLOYMENT_TARGET = 14.0;
				LD_RUNPATH_SEARCH_PATHS = (
					"$(inherited)",
					"@executable_path/Frameworks",
				);
				PRODUCT_BUNDLE_IDENTIFIER = com.yourcompany.PersonSearch;
				PRODUCT_NAME = "$(TARGET_NAME)";
				SWIFT_VERSION = 5.0;
				TARGETED_DEVICE_FAMILY = "1,2";
			};
			name = Release;
		};
/* End XCBuildConfiguration section */

/* Begin XCConfigurationList section */
		3064750E26018F080087C52D /* Build configuration list for PBXProject "PersonSearch" */ = {
			isa = XCConfigurationList;
			buildConfigurations = (
				3064752026018F0B0087C52D /* Debug */,
				3064752126018F0B0087C52D /* Release */,
			);
			defaultConfigurationIsVisible = 0;
			defaultConfigurationName = Release;
		};
		3064752226018F0B0087C52D /* Build configuration list for PBXNativeTarget "PersonSearch" */ = {
			isa = XCConfigurationList;
			buildConfigurations = (
				3064752326018F0B0087C52D /* Debug */,
				3064752426018F0B0087C52D /* Release */,
			);
			defaultConfigurationIsVisible = 0;
			defaultConfigurationName = Release;
		};
/* End XCConfigurationList section */

/* Begin XCRemoteSwiftPackageReference section */
		306475292601901E0087C52D /* XCRemoteSwiftPackageReference "Kingfisher" */ = {
			isa = XCRemoteSwiftPackageReference;
			repositoryURL = "https://github.com/onevcat/Kingfisher";
			requirement = {
				kind = upToNextMajorVersion;
				minimumVersion = 5.15.8;
			};
		};
/* End XCRemoteSwiftPackageReference section */

/* Begin XCSwiftPackageProductDependency section */
		3064752A2601901E0087C52D /* KingfisherSwiftUI */ = {
			isa = XCSwiftPackageProductDependency;
			package = 306475292601901E0087C52D /* XCRemoteSwiftPackageReference "Kingfisher" */;
			productName = KingfisherSwiftUI;
		};
/* End XCSwiftPackageProductDependency section */
	};
	rootObject = 3064750B26018F080087C52D /* Project object */;
}
